
Microsoft Visual Studio Solution File, Format Version 12.00
# Visual Studio 15
VisualStudioVersion = 15.0.28307.1259
MinimumVisualStudioVersion = 10.0.40219.1
Project("{FAE04EC0-301F-11D3-BF4B-00C04F79EFBC}") = "TesterProgram", ".vs\CFS2Homework\TesterProgram\TesterProgram.csproj", "{E2C648AF-A3FB-4E13-9039-0E7BBBB1D834}"
EndProject
Project("{FAE04EC0-301F-11D3-BF4B-00C04F79EFBC}") = "ClassesLibrary", "ClassesLibrary\ClassesLibrary.csproj", "{97C9D9E0-A6D0-44AC-997B-3B229C73723A}"
EndProject
Global
	GlobalSection(SolutionConfigurationPlatforms) = preSolution
		Debug|Any CPU = Debug|Any CPU
		Release|Any CPU = Release|Any CPU
	EndGlobalSection
	GlobalSection(ProjectConfigurationPlatforms) = postSolution
		{E2C648AF-A3FB-4E13-9039-0E7BBBB1D834}.Debug|Any CPU.ActiveCfg = Debug|Any CPU
		{E2C648AF-A3FB-4E13-9039-0E7BBBB1D834}.Debug|Any CPU.Build.0 = Debug|Any CPU
		{E2C648AF-A3FB-4E13-9039-0E7BBBB1D834}.Release|Any CPU.ActiveCfg = Release|Any CPU
		{E2C648AF-A3FB-4E13-9039-0E7BBBB1D834}.Release|Any CPU.Build.0 = Release|Any CPU
		{97C9D9E0-A6D0-44AC-997B-3B229C73723A}.Debug|Any CPU.ActiveCfg = Debug|Any CPU
		{97C9D9E0-A6D0-44AC-997B-3B229C73723A}.Debug|Any CPU.Build.0 = Debug|Any CPU
		{97C9D9E0-A6D0-44AC-997B-3B229C73723A}.Release|Any CPU.ActiveCfg = Release|Any CPU
		{97C9D9E0-A6D0-44AC-997B-3B229C73723A}.Release|Any CPU.Build.0 = Release|Any CPU
	EndGlobalSection
	GlobalSection(SolutionProperties) = preSolution
		HideSolutionNode = FALSE
	EndGlobalSection
	GlobalSection(ExtensibilityGlobals) = postSolution
		SolutionGuid = {E07A982C-9735-490C-B9C5-EE2BA145FD97}
	EndGlobalSection
EndGlobal
